
Microsoft Visual Studio Solution File, Format Version 12.00
# Visual Studio 2012
Project("{FAE04EC0-301F-11D3-BF4B-00C04F79EFBC}") = "Object_Detection_Labelling", "Object_Detection_Labelling\Object_Detection_Labelling.csproj", "{156D784A-BA2D-4492-B503-E5E0C1C15E3C}"
EndProject
Global
	GlobalSection(SolutionConfigurationPlatforms) = preSolution
		Debug|x86 = Debug|x86
		Release|x86 = Release|x86
	EndGlobalSection
	GlobalSection(ProjectConfigurationPlatforms) = postSolution
		{156D784A-BA2D-4492-B503-E5E0C1C15E3C}.Debug|x86.ActiveCfg = Debug|x86
		{156D784A-BA2D-4492-B503-E5E0C1C15E3C}.Debug|x86.Build.0 = Debug|x86
		{156D784A-BA2D-4492-B503-E5E0C1C15E3C}.Release|x86.ActiveCfg = Release|x86
		{156D784A-BA2D-4492-B503-E5E0C1C15E3C}.Release|x86.Build.0 = Release|x86
	EndGlobalSection
EndGlobal
